// !$*UTF8*$!
{
	archiveVersion = 1;
	classes = {
	};
	objectVersion = 48;
	objects = {

/* Begin PBXBuildFile section */
		48074EEF848BBAAE355F2DC6 /* Pods_ExpertSwift.framework in Frameworks */ = {isa = PBXBuildFile; fileRef = 93C9E7AD3FFC46C191549428 /* Pods_ExpertSwift.framework */; };
		EF10F1FE1FB293E500C71AAD /* AppDelegate.swift in Sources */ = {isa = PBXBuildFile; fileRef = EF10F1FD1FB293E500C71AAD /* AppDelegate.swift */; };
		EF10F2001FB293E500C71AAD /* ViewController.swift in Sources */ = {isa = PBXBuildFile; fileRef = EF10F1FF1FB293E500C71AAD /* ViewController.swift */; };
		EF10F2031FB293E500C71AAD /* Main.storyboard in Resources */ = {isa = PBXBuildFile; fileRef = EF10F2011FB293E500C71AAD /* Main.storyboard */; };
		EF10F2051FB293E500C71AAD /* Assets.xcassets in Resources */ = {isa = PBXBuildFile; fileRef = EF10F2041FB293E500C71AAD /* Assets.xcassets */; };
		EF10F2081FB293E500C71AAD /* LaunchScreen.storyboard in Resources */ = {isa = PBXBuildFile; fileRef = EF10F2061FB293E500C71AAD /* LaunchScreen.storyboard */; };
		EF10F2141FB2943C00C71AAD /* Home.bundle in Resources */ = {isa = PBXBuildFile; fileRef = EF10F2111FB2943C00C71AAD /* Home.bundle */; };
		EF10F2291FB294CD00C71AAD /* MyCenter.bundle in Resources */ = {isa = PBXBuildFile; fileRef = EF10F2181FB294CC00C71AAD /* MyCenter.bundle */; };
		EF10F22A1FB294CD00C71AAD /* Answer.bundle in Resources */ = {isa = PBXBuildFile; fileRef = EF10F21B1FB294CC00C71AAD /* Answer.bundle */; };
		EF10F22B1FB294CD00C71AAD /* Main.bundle in Resources */ = {isa = PBXBuildFile; fileRef = EF10F2211FB294CD00C71AAD /* Main.bundle */; };
		EF10F22C1FB294CD00C71AAD /* Login.bundle in Resources */ = {isa = PBXBuildFile; fileRef = EF10F2261FB294CD00C71AAD /* Login.bundle */; };
		EF10F22F1FB29C7A00C71AAD /* LoginViewController.swift in Sources */ = {isa = PBXBuildFile; fileRef = EF10F22E1FB29C7A00C71AAD /* LoginViewController.swift */; };
		EF10F2371FB29EBF00C71AAD /* BaseSetting.swift in Sources */ = {isa = PBXBuildFile; fileRef = EF10F2361FB29EBF00C71AAD /* BaseSetting.swift */; };
		EF10F2401FB2A02B00C71AAD /* Const.swift in Sources */ = {isa = PBXBuildFile; fileRef = EF10F2391FB2A02B00C71AAD /* Const.swift */; };
		EF10F2411FB2A02B00C71AAD /* NetWorkTools.swift in Sources */ = {isa = PBXBuildFile; fileRef = EF10F23A1FB2A02B00C71AAD /* NetWorkTools.swift */; };
		EF10F2421FB2A02B00C71AAD /* publicUrl.swift in Sources */ = {isa = PBXBuildFile; fileRef = EF10F23B1FB2A02B00C71AAD /* publicUrl.swift */; };
		EF10F2441FB2A02B00C71AAD /* SaveTools.swift in Sources */ = {isa = PBXBuildFile; fileRef = EF10F23E1FB2A02B00C71AAD /* SaveTools.swift */; };
		EF10F2481FB2A34E00C71AAD /* TabBarViewController.swift in Sources */ = {isa = PBXBuildFile; fileRef = EF10F2471FB2A34E00C71AAD /* TabBarViewController.swift */; };
		EF10F24A1FB2A38D00C71AAD /* NavgationViewController.swift in Sources */ = {isa = PBXBuildFile; fileRef = EF10F2491FB2A38D00C71AAD /* NavgationViewController.swift */; };
		EF10F24C1FB2A3C200C71AAD /* HomeViewController.swift in Sources */ = {isa = PBXBuildFile; fileRef = EF10F24B1FB2A3C200C71AAD /* HomeViewController.swift */; };
		EF10F24E1FB2A3D000C71AAD /* MyCenterViewController.swift in Sources */ = {isa = PBXBuildFile; fileRef = EF10F24D1FB2A3D000C71AAD /* MyCenterViewController.swift */; };
		EF10F2501FB2A3E700C71AAD /* AnswerViewController.swift in Sources */ = {isa = PBXBuildFile; fileRef = EF10F24F1FB2A3E700C71AAD /* AnswerViewController.swift */; };
		EF10F2551FB2D99B00C71AAD /* WRCycleCell.swift in Sources */ = {isa = PBXBuildFile; fileRef = EF10F2521FB2D99A00C71AAD /* WRCycleCell.swift */; };
		EF10F2561FB2D99B00C71AAD /* WRCycleScrollView.swift in Sources */ = {isa = PBXBuildFile; fileRef = EF10F2531FB2D99A00C71AAD /* WRCycleScrollView.swift */; };
		EF10F2571FB2D99B00C71AAD /* WRProxy.swift in Sources */ = {isa = PBXBuildFile; fileRef = EF10F2541FB2D99A00C71AAD /* WRProxy.swift */; };
		EF16B4E91FECAF1C008120D8 /* CustomButton.swift in Sources */ = {isa = PBXBuildFile; fileRef = EF16B4E81FECAF1C008120D8 /* CustomButton.swift */; };
		EF24329B201EB15A00A79706 /* ConstantsFile.swift in Sources */ = {isa = PBXBuildFile; fileRef = EF243279201EB15900A79706 /* ConstantsFile.swift */; };
		EF24329C201EB15A00A79706 /* Dictionary+JHExtension.swift in Sources */ = {isa = PBXBuildFile; fileRef = EF24327A201EB15900A79706 /* Dictionary+JHExtension.swift */; };
		EF24329D201EB15A00A79706 /* String+JHExtension.swift in Sources */ = {isa = PBXBuildFile; fileRef = EF24327B201EB15900A79706 /* String+JHExtension.swift */; };
		EF24329E201EB15A00A79706 /* TimeUntil.swift in Sources */ = {isa = PBXBuildFile; fileRef = EF24327C201EB15900A79706 /* TimeUntil.swift */; };
		EF24329F201EB15A00A79706 /* UIImage+JHExtension.swift in Sources */ = {isa = PBXBuildFile; fileRef = EF24327D201EB15900A79706 /* UIImage+JHExtension.swift */; };
		EF2432A0201EB15A00A79706 /* JHNetManagerAPI.swift in Sources */ = {isa = PBXBuildFile; fileRef = EF24327F201EB15900A79706 /* JHNetManagerAPI.swift */; };
		EF2432A1201EB15A00A79706 /* JHProgressHUD.swift in Sources */ = {isa = PBXBuildFile; fileRef = EF243280201EB15900A79706 /* JHProgressHUD.swift */; };
		EF2432A2201EB15A00A79706 /* JHWebViewController.swift in Sources */ = {isa = PBXBuildFile; fileRef = EF243281201EB15900A79706 /* JHWebViewController.swift */; };
		EF2432A3201EB15A00A79706 /* ScrollView+JHEmptyDataSet.swift in Sources */ = {isa = PBXBuildFile; fileRef = EF243282201EB15900A79706 /* ScrollView+JHEmptyDataSet.swift */; };
		EF2432A4201EB15A00A79706 /* ScrollView+JHRefresh.swift in Sources */ = {isa = PBXBuildFile; fileRef = EF243283201EB15900A79706 /* ScrollView+JHRefresh.swift */; };
		EF2432B1201EB15A00A79706 /* CountDownView.swift in Sources */ = {isa = PBXBuildFile; fileRef = EF243295201EB15A00A79706 /* CountDownView.swift */; };
		EF2432B2201EB15A00A79706 /* JHPOPAlertView.swift in Sources */ = {isa = PBXBuildFile; fileRef = EF243296201EB15A00A79706 /* JHPOPAlertView.swift */; };
		EF2432B3201EB15A00A79706 /* Label+JHExtension.swift in Sources */ = {isa = PBXBuildFile; fileRef = EF243297201EB15A00A79706 /* Label+JHExtension.swift */; };
		EF2432B4201EB15A00A79706 /* Textfield+JHExtension.swift in Sources */ = {isa = PBXBuildFile; fileRef = EF243298201EB15A00A79706 /* Textfield+JHExtension.swift */; };
		EF2432B5201EB15A00A79706 /* UIButton+JHExtension.swift in Sources */ = {isa = PBXBuildFile; fileRef = EF243299201EB15A00A79706 /* UIButton+JHExtension.swift */; };
		EF2432B6201EB15A00A79706 /* UIView+JHExtension.swift in Sources */ = {isa = PBXBuildFile; fileRef = EF24329A201EB15A00A79706 /* UIView+JHExtension.swift */; };
		EF3520201FDA8CC6006711D8 /* UIAlertExtension.swift in Sources */ = {isa = PBXBuildFile; fileRef = EF35201F1FDA8CC6006711D8 /* UIAlertExtension.swift */; };
		EF5BF5101FE7583800FE779B /* coustomSeg.swift in Sources */ = {isa = PBXBuildFile; fileRef = EF5BF50F1FE7583800FE779B /* coustomSeg.swift */; };
		EF5F9A581FB9970A00AEF8C1 /* PageContentView.swift in Sources */ = {isa = PBXBuildFile; fileRef = EF5F9A4E1FB9970A00AEF8C1 /* PageContentView.swift */; };
		EF5F9A591FB9970A00AEF8C1 /* PageTitleView.swift in Sources */ = {isa = PBXBuildFile; fileRef = EF5F9A4F1FB9970A00AEF8C1 /* PageTitleView.swift */; };
		EF5F9A5D1FB99A4C00AEF8C1 /* UIColor-Extension.swift in Sources */ = {isa = PBXBuildFile; fileRef = EF5F9A5C1FB99A4C00AEF8C1 /* UIColor-Extension.swift */; };
		EF705FB71FBA938500E2A719 /* PageMenu.swift in Sources */ = {isa = PBXBuildFile; fileRef = EF705FB61FBA938500E2A719 /* PageMenu.swift */; };
		EF7E87AE1FF1E23600E2126C /* TestViewController.swift in Sources */ = {isa = PBXBuildFile; fileRef = EF7E87AD1FF1E23500E2126C /* TestViewController.swift */; };
		EFA4DF5B1FFDF35E00B0A8C7 /* CustomCell.swift in Sources */ = {isa = PBXBuildFile; fileRef = EFA4DF5A1FFDF35E00B0A8C7 /* CustomCell.swift */; };
		EFADB74A1FDE1841007ADF11 /* reachability.swift in Sources */ = {isa = PBXBuildFile; fileRef = EFADB7491FDE1841007ADF11 /* reachability.swift */; };
		EFB0106C202049350050D101 /* Found.bundle in Resources */ = {isa = PBXBuildFile; fileRef = EFB01069202049350050D101 /* Found.bundle */; };
		EFB0106E202049640050D101 /* FoundViewController.swift in Sources */ = {isa = PBXBuildFile; fileRef = EFB0106D202049640050D101 /* FoundViewController.swift */; };
		EFCA39972006122E006BD6FC /* NetWorkManger.swift in Sources */ = {isa = PBXBuildFile; fileRef = EFCA39962006122E006BD6FC /* NetWorkManger.swift */; };
		EFD47DB51FF0BFA4002D3FED /* CKSlideMenu.swift in Sources */ = {isa = PBXBuildFile; fileRef = EFD47DB41FF0BFA3002D3FED /* CKSlideMenu.swift */; };
		EFE38E641FB94227001F1222 /* MediaPlayer.framework in Frameworks */ = {isa = PBXBuildFile; fileRef = EFE38E631FB94227001F1222 /* MediaPlayer.framework */; };
		EFE38E661FB9423D001F1222 /* libstdc++.tbd in Frameworks */ = {isa = PBXBuildFile; fileRef = EFE38E651FB9423D001F1222 /* libstdc++.tbd */; };
		EFF87F091FFB4BDF004F9063 /* homeDetailViewController.swift in Sources */ = {isa = PBXBuildFile; fileRef = EFF87F081FFB4BDF004F9063 /* homeDetailViewController.swift */; };
/* End PBXBuildFile section */

/* Begin PBXFileReference section */
		5ADA77FA3FABF10288D54BEE /* Pods-ExpertSwift.release.xcconfig */ = {isa = PBXFileReference; includeInIndex = 1; lastKnownFileType = text.xcconfig; name = "Pods-ExpertSwift.release.xcconfig"; path = "Pods/Target Support Files/Pods-ExpertSwift/Pods-ExpertSwift.release.xcconfig"; sourceTree = "<group>"; };
		6A75DDDA3F07557D1AFAF833 /* Pods-ExpertSwift.debug.xcconfig */ = {isa = PBXFileReference; includeInIndex = 1; lastKnownFileType = text.xcconfig; name = "Pods-ExpertSwift.debug.xcconfig"; path = "Pods/Target Support Files/Pods-ExpertSwift/Pods-ExpertSwift.debug.xcconfig"; sourceTree = "<group>"; };
		93C9E7AD3FFC46C191549428 /* Pods_ExpertSwift.framework */ = {isa = PBXFileReference; explicitFileType = wrapper.framework; includeInIndex = 0; path = Pods_ExpertSwift.framework; sourceTree = BUILT_PRODUCTS_DIR; };
		EF10F1FA1FB293E500C71AAD /* ExpertSwift.app */ = {isa = PBXFileReference; explicitFileType = wrapper.application; includeInIndex = 0; path = ExpertSwift.app; sourceTree = BUILT_PRODUCTS_DIR; };
		EF10F1FD1FB293E500C71AAD /* AppDelegate.swift */ = {isa = PBXFileReference; lastKnownFileType = sourcecode.swift; path = AppDelegate.swift; sourceTree = "<group>"; };
		EF10F1FF1FB293E500C71AAD /* ViewController.swift */ = {isa = PBXFileReference; lastKnownFileType = sourcecode.swift; path = ViewController.swift; sourceTree = "<group>"; };
		EF10F2021FB293E500C71AAD /* Base */ = {isa = PBXFileReference; lastKnownFileType = file.storyboard; name = Base; path = Base.lproj/Main.storyboard; sourceTree = "<group>"; };
		EF10F2041FB293E500C71AAD /* Assets.xcassets */ = {isa = PBXFileReference; lastKnownFileType = folder.assetcatalog; path = Assets.xcassets; sourceTree = "<group>"; };
		EF10F2071FB293E500C71AAD /* Base */ = {isa = PBXFileReference; lastKnownFileType = file.storyboard; name = Base; path = Base.lproj/LaunchScreen.storyboard; sourceTree = "<group>"; };
		EF10F2091FB293E500C71AAD /* Info.plist */ = {isa = PBXFileReference; lastKnownFileType = text.plist.xml; path = Info.plist; sourceTree = "<group>"; };
		EF10F2111FB2943C00C71AAD /* Home.bundle */ = {isa = PBXFileReference; lastKnownFileType = "wrapper.plug-in"; path = Home.bundle; sourceTree = "<group>"; };
		EF10F2181FB294CC00C71AAD /* MyCenter.bundle */ = {isa = PBXFileReference; lastKnownFileType = "wrapper.plug-in"; path = MyCenter.bundle; sourceTree = "<group>"; };
		EF10F21B1FB294CC00C71AAD /* Answer.bundle */ = {isa = PBXFileReference; lastKnownFileType = "wrapper.plug-in"; path = Answer.bundle; sourceTree = "<group>"; };
		EF10F2211FB294CD00C71AAD /* Main.bundle */ = {isa = PBXFileReference; lastKnownFileType = "wrapper.plug-in"; path = Main.bundle; sourceTree = "<group>"; };
		EF10F2261FB294CD00C71AAD /* Login.bundle */ = {isa = PBXFileReference; lastKnownFileType = "wrapper.plug-in"; path = Login.bundle; sourceTree = "<group>"; };
		EF10F22E1FB29C7A00C71AAD /* LoginViewController.swift */ = {isa = PBXFileReference; lastKnownFileType = sourcecode.swift; path = LoginViewController.swift; sourceTree = "<group>"; };
		EF10F2361FB29EBF00C71AAD /* BaseSetting.swift */ = {isa = PBXFileReference; lastKnownFileType = sourcecode.swift; path = BaseSetting.swift; sourceTree = "<group>"; };
		EF10F2391FB2A02B00C71AAD /* Const.swift */ = {isa = PBXFileReference; fileEncoding = 4; lastKnownFileType = sourcecode.swift; path = Const.swift; sourceTree = "<group>"; };
		EF10F23A1FB2A02B00C71AAD /* NetWorkTools.swift */ = {isa = PBXFileReference; fileEncoding = 4; lastKnownFileType = sourcecode.swift; path = NetWorkTools.swift; sourceTree = "<group>"; };
		EF10F23B1FB2A02B00C71AAD /* publicUrl.swift */ = {isa = PBXFileReference; fileEncoding = 4; lastKnownFileType = sourcecode.swift; path = publicUrl.swift; sourceTree = "<group>"; };
		EF10F23E1FB2A02B00C71AAD /* SaveTools.swift */ = {isa = PBXFileReference; fileEncoding = 4; lastKnownFileType = sourcecode.swift; path = SaveTools.swift; sourceTree = "<group>"; };
		EF10F2471FB2A34E00C71AAD /* TabBarViewController.swift */ = {isa = PBXFileReference; lastKnownFileType = sourcecode.swift; path = TabBarViewController.swift; sourceTree = "<group>"; };
		EF10F2491FB2A38D00C71AAD /* NavgationViewController.swift */ = {isa = PBXFileReference; lastKnownFileType = sourcecode.swift; path = NavgationViewController.swift; sourceTree = "<group>"; };
		EF10F24B1FB2A3C200C71AAD /* HomeViewController.swift */ = {isa = PBXFileReference; lastKnownFileType = sourcecode.swift; path = HomeViewController.swift; sourceTree = "<group>"; };
		EF10F24D1FB2A3D000C71AAD /* MyCenterViewController.swift */ = {isa = PBXFileReference; lastKnownFileType = sourcecode.swift; path = MyCenterViewController.swift; sourceTree = "<group>"; };
		EF10F24F1FB2A3E700C71AAD /* AnswerViewController.swift */ = {isa = PBXFileReference; lastKnownFileType = sourcecode.swift; path = AnswerViewController.swift; sourceTree = "<group>"; };
		EF10F2521FB2D99A00C71AAD /* WRCycleCell.swift */ = {isa = PBXFileReference; fileEncoding = 4; lastKnownFileType = sourcecode.swift; path = WRCycleCell.swift; sourceTree = "<group>"; };
		EF10F2531FB2D99A00C71AAD /* WRCycleScrollView.swift */ = {isa = PBXFileReference; fileEncoding = 4; lastKnownFileType = sourcecode.swift; path = WRCycleScrollView.swift; sourceTree = "<group>"; };
		EF10F2541FB2D99A00C71AAD /* WRProxy.swift */ = {isa = PBXFileReference; fileEncoding = 4; lastKnownFileType = sourcecode.swift; path = WRProxy.swift; sourceTree = "<group>"; };
		EF16B4E81FECAF1C008120D8 /* CustomButton.swift */ = {isa = PBXFileReference; lastKnownFileType = sourcecode.swift; path = CustomButton.swift; sourceTree = "<group>"; };
		EF243279201EB15900A79706 /* ConstantsFile.swift */ = {isa = PBXFileReference; fileEncoding = 4; lastKnownFileType = sourcecode.swift; path = ConstantsFile.swift; sourceTree = "<group>"; };
		EF24327A201EB15900A79706 /* Dictionary+JHExtension.swift */ = {isa = PBXFileReference; fileEncoding = 4; lastKnownFileType = sourcecode.swift; path = "Dictionary+JHExtension.swift"; sourceTree = "<group>"; };
		EF24327B201EB15900A79706 /* String+JHExtension.swift */ = {isa = PBXFileReference; fileEncoding = 4; lastKnownFileType = sourcecode.swift; path = "String+JHExtension.swift"; sourceTree = "<group>"; };
		EF24327C201EB15900A79706 /* TimeUntil.swift */ = {isa = PBXFileReference; fileEncoding = 4; lastKnownFileType = sourcecode.swift; path = TimeUntil.swift; sourceTree = "<group>"; };
		EF24327D201EB15900A79706 /* UIImage+JHExtension.swift */ = {isa = PBXFileReference; fileEncoding = 4; lastKnownFileType = sourcecode.swift; path = "UIImage+JHExtension.swift"; sourceTree = "<group>"; };
		EF24327F201EB15900A79706 /* JHNetManagerAPI.swift */ = {isa = PBXFileReference; fileEncoding = 4; lastKnownFileType = sourcecode.swift; path = JHNetManagerAPI.swift; sourceTree = "<group>"; };
		EF243280201EB15900A79706 /* JHProgressHUD.swift */ = {isa = PBXFileReference; fileEncoding = 4; lastKnownFileType = sourcecode.swift; path = JHProgressHUD.swift; sourceTree = "<group>"; };
		EF243281201EB15900A79706 /* JHWebViewController.swift */ = {isa = PBXFileReference; fileEncoding = 4; lastKnownFileType = sourcecode.swift; path = JHWebViewController.swift; sourceTree = "<group>"; };
		EF243282201EB15900A79706 /* ScrollView+JHEmptyDataSet.swift */ = {isa = PBXFileReference; fileEncoding = 4; lastKnownFileType = sourcecode.swift; path = "ScrollView+JHEmptyDataSet.swift"; sourceTree = "<group>"; };
		EF243283201EB15900A79706 /* ScrollView+JHRefresh.swift */ = {isa = PBXFileReference; fileEncoding = 4; lastKnownFileType = sourcecode.swift; path = "ScrollView+JHRefresh.swift"; sourceTree = "<group>"; };
		EF243295201EB15A00A79706 /* CountDownView.swift */ = {isa = PBXFileReference; fileEncoding = 4; lastKnownFileType = sourcecode.swift; path = CountDownView.swift; sourceTree = "<group>"; };
		EF243296201EB15A00A79706 /* JHPOPAlertView.swift */ = {isa = PBXFileReference; fileEncoding = 4; lastKnownFileType = sourcecode.swift; path = JHPOPAlertView.swift; sourceTree = "<group>"; };
		EF243297201EB15A00A79706 /* Label+JHExtension.swift */ = {isa = PBXFileReference; fileEncoding = 4; lastKnownFileType = sourcecode.swift; path = "Label+JHExtension.swift"; sourceTree = "<group>"; };
		EF243298201EB15A00A79706 /* Textfield+JHExtension.swift */ = {isa = PBXFileReference; fileEncoding = 4; lastKnownFileType = sourcecode.swift; path = "Textfield+JHExtension.swift"; sourceTree = "<group>"; };
		EF243299201EB15A00A79706 /* UIButton+JHExtension.swift */ = {isa = PBXFileReference; fileEncoding = 4; lastKnownFileType = sourcecode.swift; path = "UIButton+JHExtension.swift"; sourceTree = "<group>"; };
		EF24329A201EB15A00A79706 /* UIView+JHExtension.swift */ = {isa = PBXFileReference; fileEncoding = 4; lastKnownFileType = sourcecode.swift; path = "UIView+JHExtension.swift"; sourceTree = "<group>"; };
		EF35201F1FDA8CC6006711D8 /* UIAlertExtension.swift */ = {isa = PBXFileReference; lastKnownFileType = sourcecode.swift; path = UIAlertExtension.swift; sourceTree = "<group>"; };
		EF5BF50F1FE7583800FE779B /* coustomSeg.swift */ = {isa = PBXFileReference; lastKnownFileType = sourcecode.swift; path = coustomSeg.swift; sourceTree = "<group>"; };
		EF5F9A4E1FB9970A00AEF8C1 /* PageContentView.swift */ = {isa = PBXFileReference; fileEncoding = 4; lastKnownFileType = sourcecode.swift; path = PageContentView.swift; sourceTree = "<group>"; };
		EF5F9A4F1FB9970A00AEF8C1 /* PageTitleView.swift */ = {isa = PBXFileReference; fileEncoding = 4; lastKnownFileType = sourcecode.swift; path = PageTitleView.swift; sourceTree = "<group>"; };
		EF5F9A5C1FB99A4C00AEF8C1 /* UIColor-Extension.swift */ = {isa = PBXFileReference; fileEncoding = 4; lastKnownFileType = sourcecode.swift; path = "UIColor-Extension.swift"; sourceTree = "<group>"; };
		EF705FB61FBA938500E2A719 /* PageMenu.swift */ = {isa = PBXFileReference; lastKnownFileType = sourcecode.swift; path = PageMenu.swift; sourceTree = "<group>"; };
		EF7E87AD1FF1E23500E2126C /* TestViewController.swift */ = {isa = PBXFileReference; lastKnownFileType = sourcecode.swift; path = TestViewController.swift; sourceTree = "<group>"; };
		EFA4DF5A1FFDF35E00B0A8C7 /* CustomCell.swift */ = {isa = PBXFileReference; lastKnownFileType = sourcecode.swift; path = CustomCell.swift; sourceTree = "<group>"; };
		EFADB7491FDE1841007ADF11 /* reachability.swift */ = {isa = PBXFileReference; lastKnownFileType = sourcecode.swift; path = reachability.swift; sourceTree = "<group>"; };
		EFB01069202049350050D101 /* Found.bundle */ = {isa = PBXFileReference; lastKnownFileType = "wrapper.plug-in"; path = Found.bundle; sourceTree = "<group>"; };
		EFB0106D202049640050D101 /* FoundViewController.swift */ = {isa = PBXFileReference; lastKnownFileType = sourcecode.swift; path = FoundViewController.swift; sourceTree = "<group>"; };
		EFCA39962006122E006BD6FC /* NetWorkManger.swift */ = {isa = PBXFileReference; lastKnownFileType = sourcecode.swift; path = NetWorkManger.swift; sourceTree = "<group>"; };
		EFD47DB41FF0BFA3002D3FED /* CKSlideMenu.swift */ = {isa = PBXFileReference; fileEncoding = 4; lastKnownFileType = sourcecode.swift; path = CKSlideMenu.swift; sourceTree = "<group>"; };
		EFE38E631FB94227001F1222 /* MediaPlayer.framework */ = {isa = PBXFileReference; lastKnownFileType = wrapper.framework; name = MediaPlayer.framework; path = System/Library/Frameworks/MediaPlayer.framework; sourceTree = SDKROOT; };
		EFE38E651FB9423D001F1222 /* libstdc++.tbd */ = {isa = PBXFileReference; lastKnownFileType = "sourcecode.text-based-dylib-definition"; name = "libstdc++.tbd"; path = "usr/lib/libstdc++.tbd"; sourceTree = SDKROOT; };
		EFE38E671FB94343001F1222 /* Swift-Bridging-Header.h */ = {isa = PBXFileReference; lastKnownFileType = sourcecode.c.h; path = "Swift-Bridging-Header.h"; sourceTree = "<group>"; };
		EFF87F081FFB4BDF004F9063 /* homeDetailViewController.swift */ = {isa = PBXFileReference; lastKnownFileType = sourcecode.swift; path = homeDetailViewController.swift; sourceTree = "<group>"; };
/* End PBXFileReference section */

/* Begin PBXFrameworksBuildPhase section */
		EF10F1F71FB293E500C71AAD /* Frameworks */ = {
			isa = PBXFrameworksBuildPhase;
			buildActionMask = 2147483647;
			files = (
				EFE38E661FB9423D001F1222 /* libstdc++.tbd in Frameworks */,
				EFE38E641FB94227001F1222 /* MediaPlayer.framework in Frameworks */,
				48074EEF848BBAAE355F2DC6 /* Pods_ExpertSwift.framework in Frameworks */,
			);
			runOnlyForDeploymentPostprocessing = 0;
		};
/* End PBXFrameworksBuildPhase section */

/* Begin PBXGroup section */
		0D4A1F2CEB9CBBBF3F61D2F6 /* Pods */ = {
			isa = PBXGroup;
			children = (
				6A75DDDA3F07557D1AFAF833 /* Pods-ExpertSwift.debug.xcconfig */,
				5ADA77FA3FABF10288D54BEE /* Pods-ExpertSwift.release.xcconfig */,
			);
			name = Pods;
			sourceTree = "<group>";
		};
		8D7037DCAC0955802D315B23 /* Frameworks */ = {
			isa = PBXGroup;
			children = (
				EFE38E651FB9423D001F1222 /* libstdc++.tbd */,
				EFE38E631FB94227001F1222 /* MediaPlayer.framework */,
				93C9E7AD3FFC46C191549428 /* Pods_ExpertSwift.framework */,
			);
			name = Frameworks;
			sourceTree = "<group>";
		};
		EF10F1F11FB293E500C71AAD = {
			isa = PBXGroup;
			children = (
				EFE38E671FB94343001F1222 /* Swift-Bridging-Header.h */,
				EF10F1FC1FB293E500C71AAD /* ExpertSwift */,
				EF10F1FB1FB293E500C71AAD /* Products */,
				0D4A1F2CEB9CBBBF3F61D2F6 /* Pods */,
				8D7037DCAC0955802D315B23 /* Frameworks */,
			);
			sourceTree = "<group>";
		};
		EF10F1FB1FB293E500C71AAD /* Products */ = {
			isa = PBXGroup;
			children = (
				EF10F1FA1FB293E500C71AAD /* ExpertSwift.app */,
			);
			name = Products;
			sourceTree = "<group>";
		};
		EF10F1FC1FB293E500C71AAD /* ExpertSwift */ = {
			isa = PBXGroup;
			children = (
				EF243278201EB15900A79706 /* NSObject */,
				EF24327E201EB15900A79706 /* ThirdParty */,
				EF243294201EB15A00A79706 /* UIView */,
				EF10F2381FB2A02B00C71AAD /* NetWorking */,
				EF10F2351FB29D6900C71AAD /* Tool */,
				EF10F21A1FB294CC00C71AAD /* Answer */,
				EF10F2241FB294CD00C71AAD /* Login */,
				EF10F21F1FB294CD00C71AAD /* Main */,
				EF10F2151FB294CC00C71AAD /* MyCenter */,
				EFB01067202049350050D101 /* Found */,
				EF10F20F1FB2943C00C71AAD /* Home */,
				EF10F1FD1FB293E500C71AAD /* AppDelegate.swift */,
				EF10F1FF1FB293E500C71AAD /* ViewController.swift */,
				EF10F2011FB293E500C71AAD /* Main.storyboard */,
				EF10F2041FB293E500C71AAD /* Assets.xcassets */,
				EF10F2061FB293E500C71AAD /* LaunchScreen.storyboard */,
				EF10F2091FB293E500C71AAD /* Info.plist */,
				EF7E87AD1FF1E23500E2126C /* TestViewController.swift */,
			);
			path = ExpertSwift;
			sourceTree = "<group>";
		};
		EF10F20F1FB2943C00C71AAD /* Home */ = {
			isa = PBXGroup;
			children = (
				EF10F2101FB2943C00C71AAD /* Controller */,
				EF10F2111FB2943C00C71AAD /* Home.bundle */,
				EF10F2121FB2943C00C71AAD /* Model */,
				EF10F2131FB2943C00C71AAD /* View */,
			);
			path = Home;
			sourceTree = "<group>";
		};
		EF10F2101FB2943C00C71AAD /* Controller */ = {
			isa = PBXGroup;
			children = (
				EF10F24B1FB2A3C200C71AAD /* HomeViewController.swift */,
				EFF87F081FFB4BDF004F9063 /* homeDetailViewController.swift */,
			);
			path = Controller;
			sourceTree = "<group>";
		};
		EF10F2121FB2943C00C71AAD /* Model */ = {
			isa = PBXGroup;
			children = (
			);
			path = Model;
			sourceTree = "<group>";
		};
		EF10F2131FB2943C00C71AAD /* View */ = {
			isa = PBXGroup;
			children = (
				EFA4DF5A1FFDF35E00B0A8C7 /* CustomCell.swift */,
			);
			path = View;
			sourceTree = "<group>";
		};
		EF10F2151FB294CC00C71AAD /* MyCenter */ = {
			isa = PBXGroup;
			children = (
				EF10F2161FB294CC00C71AAD /* Controller */,
				EF10F2171FB294CC00C71AAD /* Model */,
				EF10F2181FB294CC00C71AAD /* MyCenter.bundle */,
				EF10F2191FB294CC00C71AAD /* View */,
			);
			path = MyCenter;
			sourceTree = "<group>";
		};
		EF10F2161FB294CC00C71AAD /* Controller */ = {
			isa = PBXGroup;
			children = (
				EF10F24D1FB2A3D000C71AAD /* MyCenterViewController.swift */,
			);
			path = Controller;
			sourceTree = "<group>";
		};
		EF10F2171FB294CC00C71AAD /* Model */ = {
			isa = PBXGroup;
			children = (
			);
			path = Model;
			sourceTree = "<group>";
		};
		EF10F2191FB294CC00C71AAD /* View */ = {
			isa = PBXGroup;
			children = (
			);
			path = View;
			sourceTree = "<group>";
		};
		EF10F21A1FB294CC00C71AAD /* Answer */ = {
			isa = PBXGroup;
			children = (
				EF10F21B1FB294CC00C71AAD /* Answer.bundle */,
				EF10F21C1FB294CC00C71AAD /* Controller */,
				EF10F21D1FB294CC00C71AAD /* Model */,
				EF10F21E1FB294CC00C71AAD /* View */,
			);
			path = Answer;
			sourceTree = "<group>";
		};
		EF10F21C1FB294CC00C71AAD /* Controller */ = {
			isa = PBXGroup;
			children = (
				EF10F24F1FB2A3E700C71AAD /* AnswerViewController.swift */,
			);
			path = Controller;
			sourceTree = "<group>";
		};
		EF10F21D1FB294CC00C71AAD /* Model */ = {
			isa = PBXGroup;
			children = (
			);
			path = Model;
			sourceTree = "<group>";
		};
		EF10F21E1FB294CC00C71AAD /* View */ = {
			isa = PBXGroup;
			children = (
			);
			path = View;
			sourceTree = "<group>";
		};
		EF10F21F1FB294CD00C71AAD /* Main */ = {
			isa = PBXGroup;
			children = (
				EF10F2201FB294CD00C71AAD /* Controller */,
				EF10F2211FB294CD00C71AAD /* Main.bundle */,
				EF10F2221FB294CD00C71AAD /* Model */,
				EF10F2231FB294CD00C71AAD /* View */,
			);
			path = Main;
			sourceTree = "<group>";
		};
		EF10F2201FB294CD00C71AAD /* Controller */ = {
			isa = PBXGroup;
			children = (
				EF10F2471FB2A34E00C71AAD /* TabBarViewController.swift */,
				EF10F2491FB2A38D00C71AAD /* NavgationViewController.swift */,
			);
			path = Controller;
			sourceTree = "<group>";
		};
		EF10F2221FB294CD00C71AAD /* Model */ = {
			isa = PBXGroup;
			children = (
			);
			path = Model;
			sourceTree = "<group>";
		};
		EF10F2231FB294CD00C71AAD /* View */ = {
			isa = PBXGroup;
			children = (
			);
			path = View;
			sourceTree = "<group>";
		};
		EF10F2241FB294CD00C71AAD /* Login */ = {
			isa = PBXGroup;
			children = (
				EF10F2251FB294CD00C71AAD /* Controller */,
				EF10F2261FB294CD00C71AAD /* Login.bundle */,
				EF10F2271FB294CD00C71AAD /* Model */,
				EF10F2281FB294CD00C71AAD /* View */,
			);
			path = Login;
			sourceTree = "<group>";
		};
		EF10F2251FB294CD00C71AAD /* Controller */ = {
			isa = PBXGroup;
			children = (
				EF10F22E1FB29C7A00C71AAD /* LoginViewController.swift */,
			);
			path = Controller;
			sourceTree = "<group>";
		};
		EF10F2271FB294CD00C71AAD /* Model */ = {
			isa = PBXGroup;
			children = (
			);
			path = Model;
			sourceTree = "<group>";
		};
		EF10F2281FB294CD00C71AAD /* View */ = {
			isa = PBXGroup;
			children = (
			);
			path = View;
			sourceTree = "<group>";
		};
		EF10F2351FB29D6900C71AAD /* Tool */ = {
			isa = PBXGroup;
			children = (
				EF5BF50C1FE7567800FE779B /* coustomSegment */,
				EF5F9A451FB9970A00AEF8C1 /* PageMenu */,
				EF10F2511FB2D99A00C71AAD /* WRCycleScrollView */,
				EF10F2361FB29EBF00C71AAD /* BaseSetting.swift */,
				EF35201F1FDA8CC6006711D8 /* UIAlertExtension.swift */,
				EF16B4E81FECAF1C008120D8 /* CustomButton.swift */,
			);
			path = Tool;
			sourceTree = "<group>";
		};
		EF10F2381FB2A02B00C71AAD /* NetWorking */ = {
			isa = PBXGroup;
			children = (
				EF10F23A1FB2A02B00C71AAD /* NetWorkTools.swift */,
				EF10F23E1FB2A02B00C71AAD /* SaveTools.swift */,
				EFADB7491FDE1841007ADF11 /* reachability.swift */,
				EFCA39962006122E006BD6FC /* NetWorkManger.swift */,
			);
			path = NetWorking;
			sourceTree = "<group>";
		};
		EF10F2511FB2D99A00C71AAD /* WRCycleScrollView */ = {
			isa = PBXGroup;
			children = (
				EF10F2521FB2D99A00C71AAD /* WRCycleCell.swift */,
				EF10F2531FB2D99A00C71AAD /* WRCycleScrollView.swift */,
				EF10F2541FB2D99A00C71AAD /* WRProxy.swift */,
			);
			path = WRCycleScrollView;
			sourceTree = "<group>";
		};
		EF243278201EB15900A79706 /* NSObject */ = {
			isa = PBXGroup;
			children = (
				EF243279201EB15900A79706 /* ConstantsFile.swift */,
				EF24327A201EB15900A79706 /* Dictionary+JHExtension.swift */,
				EF24327B201EB15900A79706 /* String+JHExtension.swift */,
				EF24327C201EB15900A79706 /* TimeUntil.swift */,
				EF24327D201EB15900A79706 /* UIImage+JHExtension.swift */,
			);
			path = NSObject;
			sourceTree = "<group>";
		};
		EF24327E201EB15900A79706 /* ThirdParty */ = {
			isa = PBXGroup;
			children = (
				EF10F23B1FB2A02B00C71AAD /* publicUrl.swift */,
				EF10F2391FB2A02B00C71AAD /* Const.swift */,
				EF24327F201EB15900A79706 /* JHNetManagerAPI.swift */,
				EF243280201EB15900A79706 /* JHProgressHUD.swift */,
				EF243281201EB15900A79706 /* JHWebViewController.swift */,
				EF243282201EB15900A79706 /* ScrollView+JHEmptyDataSet.swift */,
				EF243283201EB15900A79706 /* ScrollView+JHRefresh.swift */,
			);
			path = ThirdParty;
			sourceTree = "<group>";
		};
		EF243294201EB15A00A79706 /* UIView */ = {
			isa = PBXGroup;
			children = (
				EF243295201EB15A00A79706 /* CountDownView.swift */,
				EF243296201EB15A00A79706 /* JHPOPAlertView.swift */,
				EF243297201EB15A00A79706 /* Label+JHExtension.swift */,
				EF243298201EB15A00A79706 /* Textfield+JHExtension.swift */,
				EF243299201EB15A00A79706 /* UIButton+JHExtension.swift */,
				EF24329A201EB15A00A79706 /* UIView+JHExtension.swift */,
			);
			path = UIView;
			sourceTree = "<group>";
		};
		EF5BF50C1FE7567800FE779B /* coustomSegment */ = {
			isa = PBXGroup;
			children = (
				EFD47DB41FF0BFA3002D3FED /* CKSlideMenu.swift */,
				EF5BF50F1FE7583800FE779B /* coustomSeg.swift */,
			);
			path = coustomSegment;
			sourceTree = "<group>";
		};
		EF5F9A451FB9970A00AEF8C1 /* PageMenu */ = {
			isa = PBXGroup;
			children = (
				EF5F9A5C1FB99A4C00AEF8C1 /* UIColor-Extension.swift */,
				EF5F9A4E1FB9970A00AEF8C1 /* PageContentView.swift */,
				EF5F9A4F1FB9970A00AEF8C1 /* PageTitleView.swift */,
				EF705FB61FBA938500E2A719 /* PageMenu.swift */,
			);
			path = PageMenu;
			sourceTree = "<group>";
		};
		EFB01067202049350050D101 /* Found */ = {
			isa = PBXGroup;
			children = (
				EFB01068202049350050D101 /* Controller */,
				EFB01069202049350050D101 /* Found.bundle */,
				EFB0106A202049350050D101 /* Model */,
				EFB0106B202049350050D101 /* View */,
			);
			path = Found;
			sourceTree = "<group>";
		};
		EFB01068202049350050D101 /* Controller */ = {
			isa = PBXGroup;
			children = (
				EFB0106D202049640050D101 /* FoundViewController.swift */,
			);
			path = Controller;
			sourceTree = "<group>";
		};
		EFB0106A202049350050D101 /* Model */ = {
			isa = PBXGroup;
			children = (
			);
			path = Model;
			sourceTree = "<group>";
		};
		EFB0106B202049350050D101 /* View */ = {
			isa = PBXGroup;
			children = (
			);
			path = View;
			sourceTree = "<group>";
		};
/* End PBXGroup section */

/* Begin PBXNativeTarget section */
		EF10F1F91FB293E500C71AAD /* ExpertSwift */ = {
			isa = PBXNativeTarget;
			buildConfigurationList = EF10F20C1FB293E500C71AAD /* Build configuration list for PBXNativeTarget "ExpertSwift" */;
			buildPhases = (
				AA868AFB89B36673EE356598 /* [CP] Check Pods Manifest.lock */,
				EF10F1F61FB293E500C71AAD /* Sources */,
				EF10F1F71FB293E500C71AAD /* Frameworks */,
				EF10F1F81FB293E500C71AAD /* Resources */,
				510C03A4A1797ED1E062A87D /* [CP] Embed Pods Frameworks */,
				9A2A3A5EA98F14D77E899724 /* [CP] Copy Pods Resources */,
			);
			buildRules = (
			);
			dependencies = (
			);
			name = ExpertSwift;
			productName = ExpertSwift;
			productReference = EF10F1FA1FB293E500C71AAD /* ExpertSwift.app */;
			productType = "com.apple.product-type.application";
		};
/* End PBXNativeTarget section */

/* Begin PBXProject section */
		EF10F1F21FB293E500C71AAD /* Project object */ = {
			isa = PBXProject;
			attributes = {
				LastSwiftUpdateCheck = 0900;
				LastUpgradeCheck = 0900;
				ORGANIZATIONNAME = jyyl;
				TargetAttributes = {
					EF10F1F91FB293E500C71AAD = {
						CreatedOnToolsVersion = 9.0;
						ProvisioningStyle = Automatic;
					};
				};
			};
			buildConfigurationList = EF10F1F51FB293E500C71AAD /* Build configuration list for PBXProject "ExpertSwift" */;
			compatibilityVersion = "Xcode 8.0";
			developmentRegion = en;
			hasScannedForEncodings = 0;
			knownRegions = (
				en,
				Base,
			);
			mainGroup = EF10F1F11FB293E500C71AAD;
			productRefGroup = EF10F1FB1FB293E500C71AAD /* Products */;
			projectDirPath = "";
			projectRoot = "";
			targets = (
				EF10F1F91FB293E500C71AAD /* ExpertSwift */,
			);
		};
/* End PBXProject section */

/* Begin PBXResourcesBuildPhase section */
		EF10F1F81FB293E500C71AAD /* Resources */ = {
			isa = PBXResourcesBuildPhase;
			buildActionMask = 2147483647;
			files = (
				EF10F2141FB2943C00C71AAD /* Home.bundle in Resources */,
				EF10F22A1FB294CD00C71AAD /* Answer.bundle in Resources */,
				EF10F2081FB293E500C71AAD /* LaunchScreen.storyboard in Resources */,
				EF10F2291FB294CD00C71AAD /* MyCenter.bundle in Resources */,
				EF10F2051FB293E500C71AAD /* Assets.xcassets in Resources */,
				EF10F22C1FB294CD00C71AAD /* Login.bundle in Resources */,
				EF10F2031FB293E500C71AAD /* Main.storyboard in Resources */,
				EF10F22B1FB294CD00C71AAD /* Main.bundle in Resources */,
				EFB0106C202049350050D101 /* Found.bundle in Resources */,
			);
			runOnlyForDeploymentPostprocessing = 0;
		};
/* End PBXResourcesBuildPhase section */

/* Begin PBXShellScriptBuildPhase section */
		510C03A4A1797ED1E062A87D /* [CP] Embed Pods Frameworks */ = {
			isa = PBXShellScriptBuildPhase;
			buildActionMask = 2147483647;
			files = (
			);
			inputPaths = (
				"${SRCROOT}/Pods/Target Support Files/Pods-ExpertSwift/Pods-ExpertSwift-frameworks.sh",
				"${BUILT_PRODUCTS_DIR}/Alamofire/Alamofire.framework",
				"${BUILT_PRODUCTS_DIR}/DZNEmptyDataSet/DZNEmptyDataSet.framework",
				"${BUILT_PRODUCTS_DIR}/HandyJSON/HandyJSON.framework",
				"${BUILT_PRODUCTS_DIR}/Kingfisher/Kingfisher.framework",
				"${BUILT_PRODUCTS_DIR}/MBProgressHUD/MBProgressHUD.framework",
				"${BUILT_PRODUCTS_DIR}/MJRefresh/MJRefresh.framework",
				"${BUILT_PRODUCTS_DIR}/NVActivityIndicatorView/NVActivityIndicatorView.framework",
				"${BUILT_PRODUCTS_DIR}/ReachabilitySwift/ReachabilitySwift.framework",
				"${BUILT_PRODUCTS_DIR}/SnapKit/SnapKit.framework",
				"${BUILT_PRODUCTS_DIR}/SwiftyJSON/SwiftyJSON.framework",
				"${BUILT_PRODUCTS_DIR}/WRNavigationBar/WRNavigationBar.framework",
			);
			name = "[CP] Embed Pods Frameworks";
			outputPaths = (
				"${TARGET_BUILD_DIR}/${FRAMEWORKS_FOLDER_PATH}/Alamofire.framework",
				"${TARGET_BUILD_DIR}/${FRAMEWORKS_FOLDER_PATH}/DZNEmptyDataSet.framework",
				"${TARGET_BUILD_DIR}/${FRAMEWORKS_FOLDER_PATH}/HandyJSON.framework",
				"${TARGET_BUILD_DIR}/${FRAMEWORKS_FOLDER_PATH}/Kingfisher.framework",
				"${TARGET_BUILD_DIR}/${FRAMEWORKS_FOLDER_PATH}/MBProgressHUD.framework",
				"${TARGET_BUILD_DIR}/${FRAMEWORKS_FOLDER_PATH}/MJRefresh.framework",
				"${TARGET_BUILD_DIR}/${FRAMEWORKS_FOLDER_PATH}/NVActivityIndicatorView.framework",
				"${TARGET_BUILD_DIR}/${FRAMEWORKS_FOLDER_PATH}/ReachabilitySwift.framework",
				"${TARGET_BUILD_DIR}/${FRAMEWORKS_FOLDER_PATH}/SnapKit.framework",
				"${TARGET_BUILD_DIR}/${FRAMEWORKS_FOLDER_PATH}/SwiftyJSON.framework",
				"${TARGET_BUILD_DIR}/${FRAMEWORKS_FOLDER_PATH}/WRNavigationBar.framework",
			);
			runOnlyForDeploymentPostprocessing = 0;
			shellPath = /bin/sh;
			shellScript = "\"${SRCROOT}/Pods/Target Support Files/Pods-ExpertSwift/Pods-ExpertSwift-frameworks.sh\"\n";
			showEnvVarsInLog = 0;
		};
		9A2A3A5EA98F14D77E899724 /* [CP] Copy Pods Resources */ = {
			isa = PBXShellScriptBuildPhase;
			buildActionMask = 2147483647;
			files = (
			);
			inputPaths = (
			);
			name = "[CP] Copy Pods Resources";
			outputPaths = (
			);
			runOnlyForDeploymentPostprocessing = 0;
			shellPath = /bin/sh;
			shellScript = "\"${SRCROOT}/Pods/Target Support Files/Pods-ExpertSwift/Pods-ExpertSwift-resources.sh\"\n";
			showEnvVarsInLog = 0;
		};
		AA868AFB89B36673EE356598 /* [CP] Check Pods Manifest.lock */ = {
			isa = PBXShellScriptBuildPhase;
			buildActionMask = 2147483647;
			files = (
			);
			inputPaths = (
				"${PODS_PODFILE_DIR_PATH}/Podfile.lock",
				"${PODS_ROOT}/Manifest.lock",
			);
			name = "[CP] Check Pods Manifest.lock";
			outputPaths = (
				"$(DERIVED_FILE_DIR)/Pods-ExpertSwift-checkManifestLockResult.txt",
			);
			runOnlyForDeploymentPostprocessing = 0;
			shellPath = /bin/sh;
			shellScript = "diff \"${PODS_PODFILE_DIR_PATH}/Podfile.lock\" \"${PODS_ROOT}/Manifest.lock\" > /dev/null\nif [ $? != 0 ] ; then\n    # print error to STDERR\n    echo \"error: The sandbox is not in sync with the Podfile.lock. Run 'pod install' or update your CocoaPods installation.\" >&2\n    exit 1\nfi\n# This output is used by Xcode 'outputs' to avoid re-running this script phase.\necho \"SUCCESS\" > \"${SCRIPT_OUTPUT_FILE_0}\"\n";
			showEnvVarsInLog = 0;
		};
/* End PBXShellScriptBuildPhase section */

/* Begin PBXSourcesBuildPhase section */
		EF10F1F61FB293E500C71AAD /* Sources */ = {
			isa = PBXSourcesBuildPhase;
			buildActionMask = 2147483647;
			files = (
				EF10F22F1FB29C7A00C71AAD /* LoginViewController.swift in Sources */,
				EF705FB71FBA938500E2A719 /* PageMenu.swift in Sources */,
				EF10F2441FB2A02B00C71AAD /* SaveTools.swift in Sources */,
				EF10F24A1FB2A38D00C71AAD /* NavgationViewController.swift in Sources */,
				EF24329D201EB15A00A79706 /* String+JHExtension.swift in Sources */,
				EF16B4E91FECAF1C008120D8 /* CustomButton.swift in Sources */,
				EF2432B1201EB15A00A79706 /* CountDownView.swift in Sources */,
				EFB0106E202049640050D101 /* FoundViewController.swift in Sources */,
				EF2432A1201EB15A00A79706 /* JHProgressHUD.swift in Sources */,
				EF10F2571FB2D99B00C71AAD /* WRProxy.swift in Sources */,
				EF10F2481FB2A34E00C71AAD /* TabBarViewController.swift in Sources */,
				EF10F2371FB29EBF00C71AAD /* BaseSetting.swift in Sources */,
				EF10F2551FB2D99B00C71AAD /* WRCycleCell.swift in Sources */,
				EF24329B201EB15A00A79706 /* ConstantsFile.swift in Sources */,
				EF5F9A581FB9970A00AEF8C1 /* PageContentView.swift in Sources */,
				EF5F9A591FB9970A00AEF8C1 /* PageTitleView.swift in Sources */,
				EF10F2561FB2D99B00C71AAD /* WRCycleScrollView.swift in Sources */,
				EF10F2411FB2A02B00C71AAD /* NetWorkTools.swift in Sources */,
				EF24329C201EB15A00A79706 /* Dictionary+JHExtension.swift in Sources */,
				EFADB74A1FDE1841007ADF11 /* reachability.swift in Sources */,
				EF2432B2201EB15A00A79706 /* JHPOPAlertView.swift in Sources */,
				EFCA39972006122E006BD6FC /* NetWorkManger.swift in Sources */,
				EFD47DB51FF0BFA4002D3FED /* CKSlideMenu.swift in Sources */,
				EF2432A0201EB15A00A79706 /* JHNetManagerAPI.swift in Sources */,
				EF10F2001FB293E500C71AAD /* ViewController.swift in Sources */,
				EF10F1FE1FB293E500C71AAD /* AppDelegate.swift in Sources */,
				EF10F2401FB2A02B00C71AAD /* Const.swift in Sources */,
				EF7E87AE1FF1E23600E2126C /* TestViewController.swift in Sources */,
				EF24329E201EB15A00A79706 /* TimeUntil.swift in Sources */,
				EF10F24E1FB2A3D000C71AAD /* MyCenterViewController.swift in Sources */,
				EF2432A2201EB15A00A79706 /* JHWebViewController.swift in Sources */,
				EFF87F091FFB4BDF004F9063 /* homeDetailViewController.swift in Sources */,
				EF5BF5101FE7583800FE779B /* coustomSeg.swift in Sources */,
				EF2432B5201EB15A00A79706 /* UIButton+JHExtension.swift in Sources */,
				EF2432A3201EB15A00A79706 /* ScrollView+JHEmptyDataSet.swift in Sources */,
				EF10F2501FB2A3E700C71AAD /* AnswerViewController.swift in Sources */,
				EF2432B4201EB15A00A79706 /* Textfield+JHExtension.swift in Sources */,
				EF10F24C1FB2A3C200C71AAD /* HomeViewController.swift in Sources */,
				EF2432B6201EB15A00A79706 /* UIView+JHExtension.swift in Sources */,
				EF5F9A5D1FB99A4C00AEF8C1 /* UIColor-Extension.swift in Sources */,
				EF10F2421FB2A02B00C71AAD /* publicUrl.swift in Sources */,
				EFA4DF5B1FFDF35E00B0A8C7 /* CustomCell.swift in Sources */,
				EF2432B3201EB15A00A79706 /* Label+JHExtension.swift in Sources */,
				EF2432A4201EB15A00A79706 /* ScrollView+JHRefresh.swift in Sources */,
				EF3520201FDA8CC6006711D8 /* UIAlertExtension.swift in Sources */,
				EF24329F201EB15A00A79706 /* UIImage+JHExtension.swift in Sources */,
			);
			runOnlyForDeploymentPostprocessing = 0;
		};
/* End PBXSourcesBuildPhase section */

/* Begin PBXVariantGroup section */
		EF10F2011FB293E500C71AAD /* Main.storyboard */ = {
			isa = PBXVariantGroup;
			children = (
				EF10F2021FB293E500C71AAD /* Base */,
			);
			name = Main.storyboard;
			sourceTree = "<group>";
		};
		EF10F2061FB293E500C71AAD /* LaunchScreen.storyboard */ = {
			isa = PBXVariantGroup;
			children = (
				EF10F2071FB293E500C71AAD /* Base */,
			);
			name = LaunchScreen.storyboard;
			sourceTree = "<group>";
		};
/* End PBXVariantGroup section */

/* Begin XCBuildConfiguration section */
		EF10F20A1FB293E500C71AAD /* Debug */ = {
			isa = XCBuildConfiguration;
			buildSettings = {
				ALWAYS_SEARCH_USER_PATHS = NO;
				CLANG_ANALYZER_NONNULL = YES;
				CLANG_ANALYZER_NUMBER_OBJECT_CONVERSION = YES_AGGRESSIVE;
				CLANG_CXX_LANGUAGE_STANDARD = "gnu++14";
				CLANG_CXX_LIBRARY = "libc++";
				CLANG_ENABLE_MODULES = YES;
				CLANG_ENABLE_OBJC_ARC = YES;
				CLANG_WARN_BLOCK_CAPTURE_AUTORELEASING = YES;
				CLANG_WARN_BOOL_CONVERSION = YES;
				CLANG_WARN_COMMA = YES;
				CLANG_WARN_CONSTANT_CONVERSION = YES;
				CLANG_WARN_DIRECT_OBJC_ISA_USAGE = YES_ERROR;
				CLANG_WARN_DOCUMENTATION_COMMENTS = YES;
				CLANG_WARN_EMPTY_BODY = YES;
				CLANG_WARN_ENUM_CONVERSION = YES;
				CLANG_WARN_INFINITE_RECURSION = YES;
				CLANG_WARN_INT_CONVERSION = YES;
				CLANG_WARN_NON_LITERAL_NULL_CONVERSION = YES;
				CLANG_WARN_OBJC_LITERAL_CONVERSION = YES;
				CLANG_WARN_OBJC_ROOT_CLASS = YES_ERROR;
				CLANG_WARN_RANGE_LOOP_ANALYSIS = YES;
				CLANG_WARN_STRICT_PROTOTYPES = YES;
				CLANG_WARN_SUSPICIOUS_MOVE = YES;
				CLANG_WARN_UNGUARDED_AVAILABILITY = YES_AGGRESSIVE;
				CLANG_WARN_UNREACHABLE_CODE = YES;
				CLANG_WARN__DUPLICATE_METHOD_MATCH = YES;
				CODE_SIGN_IDENTITY = "iPhone Developer";
				COPY_PHASE_STRIP = NO;
				DEBUG_INFORMATION_FORMAT = dwarf;
				ENABLE_STRICT_OBJC_MSGSEND = YES;
				ENABLE_TESTABILITY = YES;
				GCC_C_LANGUAGE_STANDARD = gnu11;
				GCC_DYNAMIC_NO_PIC = NO;
				GCC_NO_COMMON_BLOCKS = YES;
				GCC_OPTIMIZATION_LEVEL = 0;
				GCC_PREPROCESSOR_DEFINITIONS = (
					"DEBUG=1",
					"$(inherited)",
				);
				GCC_WARN_64_TO_32_BIT_CONVERSION = YES;
				GCC_WARN_ABOUT_RETURN_TYPE = YES_ERROR;
				GCC_WARN_UNDECLARED_SELECTOR = YES;
				GCC_WARN_UNINITIALIZED_AUTOS = YES_AGGRESSIVE;
				GCC_WARN_UNUSED_FUNCTION = YES;
				GCC_WARN_UNUSED_VARIABLE = YES;
				IPHONEOS_DEPLOYMENT_TARGET = 11.0;
				MTL_ENABLE_DEBUG_INFO = YES;
				ONLY_ACTIVE_ARCH = YES;
				SDKROOT = iphoneos;
				SWIFT_ACTIVE_COMPILATION_CONDITIONS = DEBUG;
				SWIFT_OPTIMIZATION_LEVEL = "-Onone";
			};
			name = Debug;
		};
		EF10F20B1FB293E500C71AAD /* Release */ = {
			isa = XCBuildConfiguration;
			buildSettings = {
				ALWAYS_SEARCH_USER_PATHS = NO;
				CLANG_ANALYZER_NONNULL = YES;
				CLANG_ANALYZER_NUMBER_OBJECT_CONVERSION = YES_AGGRESSIVE;
				CLANG_CXX_LANGUAGE_STANDARD = "gnu++14";
				CLANG_CXX_LIBRARY = "libc++";
				CLANG_ENABLE_MODULES = YES;
				CLANG_ENABLE_OBJC_ARC = YES;
				CLANG_WARN_BLOCK_CAPTURE_AUTORELEASING = YES;
				CLANG_WARN_BOOL_CONVERSION = YES;
				CLANG_WARN_COMMA = YES;
				CLANG_WARN_CONSTANT_CONVERSION = YES;
				CLANG_WARN_DIRECT_OBJC_ISA_USAGE = YES_ERROR;
				CLANG_WARN_DOCUMENTATION_COMMENTS = YES;
				CLANG_WARN_EMPTY_BODY = YES;
				CLANG_WARN_ENUM_CONVERSION = YES;
				CLANG_WARN_INFINITE_RECURSION = YES;
				CLANG_WARN_INT_CONVERSION = YES;
				CLANG_WARN_NON_LITERAL_NULL_CONVERSION = YES;
				CLANG_WARN_OBJC_LITERAL_CONVERSION = YES;
				CLANG_WARN_OBJC_ROOT_CLASS = YES_ERROR;
				CLANG_WARN_RANGE_LOOP_ANALYSIS = YES;
				CLANG_WARN_STRICT_PROTOTYPES = YES;
				CLANG_WARN_SUSPICIOUS_MOVE = YES;
				CLANG_WARN_UNGUARDED_AVAILABILITY = YES_AGGRESSIVE;
				CLANG_WARN_UNREACHABLE_CODE = YES;
				CLANG_WARN__DUPLICATE_METHOD_MATCH = YES;
				CODE_SIGN_IDENTITY = "iPhone Developer";
				COPY_PHASE_STRIP = NO;
				DEBUG_INFORMATION_FORMAT = "dwarf-with-dsym";
				ENABLE_NS_ASSERTIONS = NO;
				ENABLE_STRICT_OBJC_MSGSEND = YES;
				GCC_C_LANGUAGE_STANDARD = gnu11;
				GCC_NO_COMMON_BLOCKS = YES;
				GCC_WARN_64_TO_32_BIT_CONVERSION = YES;
				GCC_WARN_ABOUT_RETURN_TYPE = YES_ERROR;
				GCC_WARN_UNDECLARED_SELECTOR = YES;
				GCC_WARN_UNINITIALIZED_AUTOS = YES_AGGRESSIVE;
				GCC_WARN_UNUSED_FUNCTION = YES;
				GCC_WARN_UNUSED_VARIABLE = YES;
				IPHONEOS_DEPLOYMENT_TARGET = 11.0;
				MTL_ENABLE_DEBUG_INFO = NO;
				SDKROOT = iphoneos;
				SWIFT_OPTIMIZATION_LEVEL = "-Owholemodule";
				VALIDATE_PRODUCT = YES;
			};
			name = Release;
		};
		EF10F20D1FB293E500C71AAD /* Debug */ = {
			isa = XCBuildConfiguration;
			baseConfigurationReference = 6A75DDDA3F07557D1AFAF833 /* Pods-ExpertSwift.debug.xcconfig */;
			buildSettings = {
				ASSETCATALOG_COMPILER_APPICON_NAME = AppIcon;
				ASSETCATALOG_COMPILER_LAUNCHIMAGE_NAME = LaunchImage;
				CODE_SIGN_STYLE = Automatic;
				DEVELOPMENT_TEAM = 3F2735QP6E;
				INFOPLIST_FILE = ExpertSwift/Info.plist;
				IPHONEOS_DEPLOYMENT_TARGET = 9.0;
				LD_RUNPATH_SEARCH_PATHS = "$(inherited) @executable_path/Frameworks";
				PRODUCT_BUNDLE_IDENTIFIER = iconme.ExpertSwift;
				PRODUCT_NAME = "$(TARGET_NAME)";
				SWIFT_OBJC_BRIDGING_HEADER = "/Users/jyyl/Desktop/swift4/Swift-Bridging-Header.h";
				SWIFT_OPTIMIZATION_LEVEL = "-O";
				SWIFT_VERSION = 4.0;
				TARGETED_DEVICE_FAMILY = 1;
				USER_HEADER_SEARCH_PATHS = "${SRCROOT}/**";
			};
			name = Debug;
		};
		EF10F20E1FB293E500C71AAD /* Release */ = {
			isa = XCBuildConfiguration;
			baseConfigurationReference = 5ADA77FA3FABF10288D54BEE /* Pods-ExpertSwift.release.xcconfig */;
			buildSettings = {
				ASSETCATALOG_COMPILER_APPICON_NAME = AppIcon;
				ASSETCATALOG_COMPILER_LAUNCHIMAGE_NAME = LaunchImage;
				CODE_SIGN_STYLE = Automatic;
				DEVELOPMENT_TEAM = 3F2735QP6E;
				INFOPLIST_FILE = ExpertSwift/Info.plist;
				IPHONEOS_DEPLOYMENT_TARGET = 9.0;
				LD_RUNPATH_SEARCH_PATHS = "$(inherited) @executable_path/Frameworks";
				PRODUCT_BUNDLE_IDENTIFIER = iconme.ExpertSwift;
				PRODUCT_NAME = "$(TARGET_NAME)";
				SWIFT_OBJC_BRIDGING_HEADER = "/Users/jyyl/Desktop/swift4/Swift-Bridging-Header.h";
				SWIFT_OPTIMIZATION_LEVEL = "-O";
				SWIFT_VERSION = 4.0;
				TARGETED_DEVICE_FAMILY = 1;
				USER_HEADER_SEARCH_PATHS = "${SRCROOT}/**";
			};
			name = Release;
		};
/* End XCBuildConfiguration section */

/* Begin XCConfigurationList section */
		EF10F1F51FB293E500C71AAD /* Build configuration list for PBXProject "ExpertSwift" */ = {
			isa = XCConfigurationList;
			buildConfigurations = (
				EF10F20A1FB293E500C71AAD /* Debug */,
				EF10F20B1FB293E500C71AAD /* Release */,
			);
			defaultConfigurationIsVisible = 0;
			defaultConfigurationName = Release;
		};
		EF10F20C1FB293E500C71AAD /* Build configuration list for PBXNativeTarget "ExpertSwift" */ = {
			isa = XCConfigurationList;
			buildConfigurations = (
				EF10F20D1FB293E500C71AAD /* Debug */,
				EF10F20E1FB293E500C71AAD /* Release */,
			);
			defaultConfigurationIsVisible = 0;
			defaultConfigurationName = Release;
		};
/* End XCConfigurationList section */
	};
	rootObject = EF10F1F21FB293E500C71AAD /* Project object */;
}
